
Microsoft Visual Studio Solution File, Format Version 12.00
# Visual Studio Version 17
VisualStudioVersion = 17.10.35013.160
MinimumVisualStudioVersion = 10.0.40219.1
Project("{FAE04EC0-301F-11D3-BF4B-00C04F79EFBC}") = "Demohub", "Demohub\Demohub.csproj", "{C524B041-17DF-46AB-A654-14234119E322}"
EndProject
Global
	GlobalSection(SolutionConfigurationPlatforms) = preSolution
		Debug|Any CPU = Debug|Any CPU
		Release|Any CPU = Release|Any CPU
	EndGlobalSection
	GlobalSection(ProjectConfigurationPlatforms) = postSolution
		{C524B041-17DF-46AB-A654-14234119E322}.Debug|Any CPU.ActiveCfg = Debug|Any CPU
		{C524B041-17DF-46AB-A654-14234119E322}.Debug|Any CPU.Build.0 = Debug|Any CPU
		{C524B041-17DF-46AB-A654-14234119E322}.Release|Any CPU.ActiveCfg = Release|Any CPU
		{C524B041-17DF-46AB-A654-14234119E322}.Release|Any CPU.Build.0 = Release|Any CPU
	EndGlobalSection
	GlobalSection(SolutionProperties) = preSolution
		HideSolutionNode = FALSE
	EndGlobalSection
	GlobalSection(ExtensibilityGlobals) = postSolution
		SolutionGuid = {69617E14-8EF3-48A8-8E83-D7F8EA7CB45A}
	EndGlobalSection
EndGlobal
